// !$*UTF8*$!
{
	archiveVersion = 1;
	classes = {
	};
	objectVersion = 56;
	objects = {

/* Begin PBXBuildFile section */
		405E3460A8C6E43801FE5229 /* Pods_RNMobilePaymentSDKTests.framework in Frameworks */ = {isa = PBXBuildFile; fileRef = 9D2CB8BF295B98328291C4AB /* Pods_RNMobilePaymentSDKTests.framework */; };
		A1ECE4F62CC8FAD200812440 /* AppDelegate.swift in Sources */ = {isa = PBXBuildFile; fileRef = A1ECE4F52CC8FAD200812440 /* AppDelegate.swift */; };
		A1ECE4F82CC8FAD200812440 /* SceneDelegate.swift in Sources */ = {isa = PBXBuildFile; fileRef = A1ECE4F72CC8FAD200812440 /* SceneDelegate.swift */; };
		A1ECE4FA2CC8FAD200812440 /* ViewController.swift in Sources */ = {isa = PBXBuildFile; fileRef = A1ECE4F92CC8FAD200812440 /* ViewController.swift */; };
		A1ECE4FD2CC8FAD200812440 /* Main.storyboard in Resources */ = {isa = PBXBuildFile; fileRef = A1ECE4FB2CC8FAD200812440 /* Main.storyboard */; };
		A1ECE4FF2CC8FAD300812440 /* Assets.xcassets in Resources */ = {isa = PBXBuildFile; fileRef = A1ECE4FE2CC8FAD300812440 /* Assets.xcassets */; };
		A1ECE5022CC8FAD300812440 /* LaunchScreen.storyboard in Resources */ = {isa = PBXBuildFile; fileRef = A1ECE5002CC8FAD300812440 /* LaunchScreen.storyboard */; };
		A1ECE50D2CC8FAD400812440 /* RNMobilePaymentSDKTests.swift in Sources */ = {isa = PBXBuildFile; fileRef = A1ECE50C2CC8FAD400812440 /* RNMobilePaymentSDKTests.swift */; };
		A1ECE5172CC8FAD400812440 /* RNMobilePaymentSDKUITests.swift in Sources */ = {isa = PBXBuildFile; fileRef = A1ECE5162CC8FAD400812440 /* RNMobilePaymentSDKUITests.swift */; };
		A1ECE5192CC8FAD400812440 /* RNMobilePaymentSDKUITestsLaunchTests.swift in Sources */ = {isa = PBXBuildFile; fileRef = A1ECE5182CC8FAD400812440 /* RNMobilePaymentSDKUITestsLaunchTests.swift */; };
		D93EB7F27236D9929D868730 /* Pods_RNMobilePaymentSDK.framework in Frameworks */ = {isa = PBXBuildFile; fileRef = B59BA29B550DC39BD4742D01 /* Pods_RNMobilePaymentSDK.framework */; };
		F790B1D69AA12EC7D57B276F /* Pods_RNMobilePaymentSDK_RNMobilePaymentSDKUITests.framework in Frameworks */ = {isa = PBXBuildFile; fileRef = 320DAB46B16B1925B792BE44 /* Pods_RNMobilePaymentSDK_RNMobilePaymentSDKUITests.framework */; };
/* End PBXBuildFile section */

/* Begin PBXContainerItemProxy section */
		A1ECE5092CC8FAD400812440 /* PBXContainerItemProxy */ = {
			isa = PBXContainerItemProxy;
			containerPortal = A1ECE4EA2CC8FAD200812440 /* Project object */;
			proxyType = 1;
			remoteGlobalIDString = A1ECE4F12CC8FAD200812440;
			remoteInfo = RNMobilePaymentSDK;
		};
		A1ECE5132CC8FAD400812440 /* PBXContainerItemProxy */ = {
			isa = PBXContainerItemProxy;
			containerPortal = A1ECE4EA2CC8FAD200812440 /* Project object */;
			proxyType = 1;
			remoteGlobalIDString = A1ECE4F12CC8FAD200812440;
			remoteInfo = RNMobilePaymentSDK;
		};
/* End PBXContainerItemProxy section */

/* Begin PBXFileReference section */
		0820A3C9623A1D260F31EEF5 /* Pods-RNMobilePaymentSDK-RNMobilePaymentSDKUITests.debug.xcconfig */ = {isa = PBXFileReference; includeInIndex = 1; lastKnownFileType = text.xcconfig; name = "Pods-RNMobilePaymentSDK-RNMobilePaymentSDKUITests.debug.xcconfig"; path = "Target Support Files/Pods-RNMobilePaymentSDK-RNMobilePaymentSDKUITests/Pods-RNMobilePaymentSDK-RNMobilePaymentSDKUITests.debug.xcconfig"; sourceTree = "<group>"; };
		14B71F89948C7B61CE058868 /* Pods-RNMobilePaymentSDKTests.release.xcconfig */ = {isa = PBXFileReference; includeInIndex = 1; lastKnownFileType = text.xcconfig; name = "Pods-RNMobilePaymentSDKTests.release.xcconfig"; path = "Target Support Files/Pods-RNMobilePaymentSDKTests/Pods-RNMobilePaymentSDKTests.release.xcconfig"; sourceTree = "<group>"; };
		320DAB46B16B1925B792BE44 /* Pods_RNMobilePaymentSDK_RNMobilePaymentSDKUITests.framework */ = {isa = PBXFileReference; explicitFileType = wrapper.framework; includeInIndex = 0; path = Pods_RNMobilePaymentSDK_RNMobilePaymentSDKUITests.framework; sourceTree = BUILT_PRODUCTS_DIR; };
		380CAC6B75802423F35B8764 /* Pods-RNMobilePaymentSDKTests.debug.xcconfig */ = {isa = PBXFileReference; includeInIndex = 1; lastKnownFileType = text.xcconfig; name = "Pods-RNMobilePaymentSDKTests.debug.xcconfig"; path = "Target Support Files/Pods-RNMobilePaymentSDKTests/Pods-RNMobilePaymentSDKTests.debug.xcconfig"; sourceTree = "<group>"; };
		9B65256D44E7BDF2988131DA /* Pods-RNMobilePaymentSDK.debug.xcconfig */ = {isa = PBXFileReference; includeInIndex = 1; lastKnownFileType = text.xcconfig; name = "Pods-RNMobilePaymentSDK.debug.xcconfig"; path = "Target Support Files/Pods-RNMobilePaymentSDK/Pods-RNMobilePaymentSDK.debug.xcconfig"; sourceTree = "<group>"; };
		9D2CB8BF295B98328291C4AB /* Pods_RNMobilePaymentSDKTests.framework */ = {isa = PBXFileReference; explicitFileType = wrapper.framework; includeInIndex = 0; path = Pods_RNMobilePaymentSDKTests.framework; sourceTree = BUILT_PRODUCTS_DIR; };
		A1ECE4F22CC8FAD200812440 /* RNMobilePaymentSDK.app */ = {isa = PBXFileReference; explicitFileType = wrapper.application; includeInIndex = 0; path = RNMobilePaymentSDK.app; sourceTree = BUILT_PRODUCTS_DIR; };
		A1ECE4F52CC8FAD200812440 /* AppDelegate.swift */ = {isa = PBXFileReference; lastKnownFileType = sourcecode.swift; path = AppDelegate.swift; sourceTree = "<group>"; };
		A1ECE4F72CC8FAD200812440 /* SceneDelegate.swift */ = {isa = PBXFileReference; lastKnownFileType = sourcecode.swift; path = SceneDelegate.swift; sourceTree = "<group>"; };
		A1ECE4F92CC8FAD200812440 /* ViewController.swift */ = {isa = PBXFileReference; lastKnownFileType = sourcecode.swift; path = ViewController.swift; sourceTree = "<group>"; };
		A1ECE4FC2CC8FAD200812440 /* Base */ = {isa = PBXFileReference; lastKnownFileType = file.storyboard; name = Base; path = Base.lproj/Main.storyboard; sourceTree = "<group>"; };
		A1ECE4FE2CC8FAD300812440 /* Assets.xcassets */ = {isa = PBXFileReference; lastKnownFileType = folder.assetcatalog; path = Assets.xcassets; sourceTree = "<group>"; };
		A1ECE5012CC8FAD300812440 /* Base */ = {isa = PBXFileReference; lastKnownFileType = file.storyboard; name = Base; path = Base.lproj/LaunchScreen.storyboard; sourceTree = "<group>"; };
		A1ECE5032CC8FAD300812440 /* Info.plist */ = {isa = PBXFileReference; lastKnownFileType = text.plist.xml; path = Info.plist; sourceTree = "<group>"; };
		A1ECE5082CC8FAD400812440 /* RNMobilePaymentSDKTests.xctest */ = {isa = PBXFileReference; explicitFileType = wrapper.cfbundle; includeInIndex = 0; path = RNMobilePaymentSDKTests.xctest; sourceTree = BUILT_PRODUCTS_DIR; };
		A1ECE50C2CC8FAD400812440 /* RNMobilePaymentSDKTests.swift */ = {isa = PBXFileReference; lastKnownFileType = sourcecode.swift; path = RNMobilePaymentSDKTests.swift; sourceTree = "<group>"; };
		A1ECE5122CC8FAD400812440 /* RNMobilePaymentSDKUITests.xctest */ = {isa = PBXFileReference; explicitFileType = wrapper.cfbundle; includeInIndex = 0; path = RNMobilePaymentSDKUITests.xctest; sourceTree = BUILT_PRODUCTS_DIR; };
		A1ECE5162CC8FAD400812440 /* RNMobilePaymentSDKUITests.swift */ = {isa = PBXFileReference; lastKnownFileType = sourcecode.swift; path = RNMobilePaymentSDKUITests.swift; sourceTree = "<group>"; };
		A1ECE5182CC8FAD400812440 /* RNMobilePaymentSDKUITestsLaunchTests.swift */ = {isa = PBXFileReference; lastKnownFileType = sourcecode.swift; path = RNMobilePaymentSDKUITestsLaunchTests.swift; sourceTree = "<group>"; };
		B59BA29B550DC39BD4742D01 /* Pods_RNMobilePaymentSDK.framework */ = {isa = PBXFileReference; explicitFileType = wrapper.framework; includeInIndex = 0; path = Pods_RNMobilePaymentSDK.framework; sourceTree = BUILT_PRODUCTS_DIR; };
		C7C60E927F194D376D58271D /* Pods-RNMobilePaymentSDK-RNMobilePaymentSDKUITests.release.xcconfig */ = {isa = PBXFileReference; includeInIndex = 1; lastKnownFileType = text.xcconfig; name = "Pods-RNMobilePaymentSDK-RNMobilePaymentSDKUITests.release.xcconfig"; path = "Target Support Files/Pods-RNMobilePaymentSDK-RNMobilePaymentSDKUITests/Pods-RNMobilePaymentSDK-RNMobilePaymentSDKUITests.release.xcconfig"; sourceTree = "<group>"; };
		E9C0954DB441EDD161B222D4 /* Pods-RNMobilePaymentSDK.release.xcconfig */ = {isa = PBXFileReference; includeInIndex = 1; lastKnownFileType = text.xcconfig; name = "Pods-RNMobilePaymentSDK.release.xcconfig"; path = "Target Support Files/Pods-RNMobilePaymentSDK/Pods-RNMobilePaymentSDK.release.xcconfig"; sourceTree = "<group>"; };
/* End PBXFileReference section */

/* Begin PBXFrameworksBuildPhase section */
		A1ECE4EF2CC8FAD200812440 /* Frameworks */ = {
			isa = PBXFrameworksBuildPhase;
			buildActionMask = 2147483647;
			files = (
				D93EB7F27236D9929D868730 /* Pods_RNMobilePaymentSDK.framework in Frameworks */,
			);
			runOnlyForDeploymentPostprocessing = 0;
		};
		A1ECE5052CC8FAD400812440 /* Frameworks */ = {
			isa = PBXFrameworksBuildPhase;
			buildActionMask = 2147483647;
			files = (
				405E3460A8C6E43801FE5229 /* Pods_RNMobilePaymentSDKTests.framework in Frameworks */,
			);
			runOnlyForDeploymentPostprocessing = 0;
		};
		A1ECE50F2CC8FAD400812440 /* Frameworks */ = {
			isa = PBXFrameworksBuildPhase;
			buildActionMask = 2147483647;
			files = (
				F790B1D69AA12EC7D57B276F /* Pods_RNMobilePaymentSDK_RNMobilePaymentSDKUITests.framework in Frameworks */,
			);
			runOnlyForDeploymentPostprocessing = 0;
		};
/* End PBXFrameworksBuildPhase section */

/* Begin PBXGroup section */
		499CDEFE6DF7A20B8EEF09DD /* Frameworks */ = {
			isa = PBXGroup;
			children = (
				B59BA29B550DC39BD4742D01 /* Pods_RNMobilePaymentSDK.framework */,
				320DAB46B16B1925B792BE44 /* Pods_RNMobilePaymentSDK_RNMobilePaymentSDKUITests.framework */,
				9D2CB8BF295B98328291C4AB /* Pods_RNMobilePaymentSDKTests.framework */,
			);
			name = Frameworks;
			sourceTree = "<group>";
		};
		A1ECE4E92CC8FAD200812440 = {
			isa = PBXGroup;
			children = (
				A1ECE4F42CC8FAD200812440 /* RNMobilePaymentSDK */,
				A1ECE50B2CC8FAD400812440 /* RNMobilePaymentSDKTests */,
				A1ECE5152CC8FAD400812440 /* RNMobilePaymentSDKUITests */,
				A1ECE4F32CC8FAD200812440 /* Products */,
				CADAFFD55B6F5F7430B2A3DC /* Pods */,
				499CDEFE6DF7A20B8EEF09DD /* Frameworks */,
			);
			sourceTree = "<group>";
		};
		A1ECE4F32CC8FAD200812440 /* Products */ = {
			isa = PBXGroup;
			children = (
				A1ECE4F22CC8FAD200812440 /* RNMobilePaymentSDK.app */,
				A1ECE5082CC8FAD400812440 /* RNMobilePaymentSDKTests.xctest */,
				A1ECE5122CC8FAD400812440 /* RNMobilePaymentSDKUITests.xctest */,
			);
			name = Products;
			sourceTree = "<group>";
		};
		A1ECE4F42CC8FAD200812440 /* RNMobilePaymentSDK */ = {
			isa = PBXGroup;
			children = (
				A1ECE4F52CC8FAD200812440 /* AppDelegate.swift */,
				A1ECE4F72CC8FAD200812440 /* SceneDelegate.swift */,
				A1ECE4F92CC8FAD200812440 /* ViewController.swift */,
				A1ECE4FB2CC8FAD200812440 /* Main.storyboard */,
				A1ECE4FE2CC8FAD300812440 /* Assets.xcassets */,
				A1ECE5002CC8FAD300812440 /* LaunchScreen.storyboard */,
				A1ECE5032CC8FAD300812440 /* Info.plist */,
			);
			path = RNMobilePaymentSDK;
			sourceTree = "<group>";
		};
		A1ECE50B2CC8FAD400812440 /* RNMobilePaymentSDKTests */ = {
			isa = PBXGroup;
			children = (
				A1ECE50C2CC8FAD400812440 /* RNMobilePaymentSDKTests.swift */,
			);
			path = RNMobilePaymentSDKTests;
			sourceTree = "<group>";
		};
		A1ECE5152CC8FAD400812440 /* RNMobilePaymentSDKUITests */ = {
			isa = PBXGroup;
			children = (
				A1ECE5162CC8FAD400812440 /* RNMobilePaymentSDKUITests.swift */,
				A1ECE5182CC8FAD400812440 /* RNMobilePaymentSDKUITestsLaunchTests.swift */,
			);
			path = RNMobilePaymentSDKUITests;
			sourceTree = "<group>";
		};
		CADAFFD55B6F5F7430B2A3DC /* Pods */ = {
			isa = PBXGroup;
			children = (
				9B65256D44E7BDF2988131DA /* Pods-RNMobilePaymentSDK.debug.xcconfig */,
				E9C0954DB441EDD161B222D4 /* Pods-RNMobilePaymentSDK.release.xcconfig */,
				0820A3C9623A1D260F31EEF5 /* Pods-RNMobilePaymentSDK-RNMobilePaymentSDKUITests.debug.xcconfig */,
				C7C60E927F194D376D58271D /* Pods-RNMobilePaymentSDK-RNMobilePaymentSDKUITests.release.xcconfig */,
				380CAC6B75802423F35B8764 /* Pods-RNMobilePaymentSDKTests.debug.xcconfig */,
				14B71F89948C7B61CE058868 /* Pods-RNMobilePaymentSDKTests.release.xcconfig */,
			);
			name = Pods;
			path = Pods;
			sourceTree = "<group>";
		};
/* End PBXGroup section */

/* Begin PBXNativeTarget section */
		A1ECE4F12CC8FAD200812440 /* RNMobilePaymentSDK */ = {
			isa = PBXNativeTarget;
			buildConfigurationList = A1ECE51C2CC8FAD400812440 /* Build configuration list for PBXNativeTarget "RNMobilePaymentSDK" */;
			buildPhases = (
				42AE7A8D9DCF1F9207E0EBFA /* [CP] Check Pods Manifest.lock */,
				A1ECE4EE2CC8FAD200812440 /* Sources */,
				A1ECE4EF2CC8FAD200812440 /* Frameworks */,
				A1ECE4F02CC8FAD200812440 /* Resources */,
				AA7B653FF09C4F978A55892C /* [CP] Embed Pods Frameworks */,
			);
			buildRules = (
			);
			dependencies = (
			);
			name = RNMobilePaymentSDK;
			productName = RNMobilePaymentSDK;
			productReference = A1ECE4F22CC8FAD200812440 /* RNMobilePaymentSDK.app */;
			productType = "com.apple.product-type.application";
		};
		A1ECE5072CC8FAD400812440 /* RNMobilePaymentSDKTests */ = {
			isa = PBXNativeTarget;
			buildConfigurationList = A1ECE51F2CC8FAD400812440 /* Build configuration list for PBXNativeTarget "RNMobilePaymentSDKTests" */;
			buildPhases = (
				20A5F3B073B398877831AF27 /* [CP] Check Pods Manifest.lock */,
				A1ECE5042CC8FAD400812440 /* Sources */,
				A1ECE5052CC8FAD400812440 /* Frameworks */,
				A1ECE5062CC8FAD400812440 /* Resources */,
			);
			buildRules = (
			);
			dependencies = (
				A1ECE50A2CC8FAD400812440 /* PBXTargetDependency */,
			);
			name = RNMobilePaymentSDKTests;
			productName = RNMobilePaymentSDKTests;
			productReference = A1ECE5082CC8FAD400812440 /* RNMobilePaymentSDKTests.xctest */;
			productType = "com.apple.product-type.bundle.unit-test";
		};
		A1ECE5112CC8FAD400812440 /* RNMobilePaymentSDKUITests */ = {
			isa = PBXNativeTarget;
			buildConfigurationList = A1ECE5222CC8FAD400812440 /* Build configuration list for PBXNativeTarget "RNMobilePaymentSDKUITests" */;
			buildPhases = (
				C11B78565CA54AC069FC7988 /* [CP] Check Pods Manifest.lock */,
				A1ECE50E2CC8FAD400812440 /* Sources */,
				A1ECE50F2CC8FAD400812440 /* Frameworks */,
				A1ECE5102CC8FAD400812440 /* Resources */,
				EA71204996CD2488F0EAA6E7 /* [CP] Embed Pods Frameworks */,
			);
			buildRules = (
			);
			dependencies = (
				A1ECE5142CC8FAD400812440 /* PBXTargetDependency */,
			);
			name = RNMobilePaymentSDKUITests;
			productName = RNMobilePaymentSDKUITests;
			productReference = A1ECE5122CC8FAD400812440 /* RNMobilePaymentSDKUITests.xctest */;
			productType = "com.apple.product-type.bundle.ui-testing";
		};
/* End PBXNativeTarget section */

/* Begin PBXProject section */
		A1ECE4EA2CC8FAD200812440 /* Project object */ = {
			isa = PBXProject;
			attributes = {
				BuildIndependentTargetsInParallel = 1;
				LastSwiftUpdateCheck = 1500;
				LastUpgradeCheck = 1500;
				TargetAttributes = {
					A1ECE4F12CC8FAD200812440 = {
						CreatedOnToolsVersion = 15.0;
					};
					A1ECE5072CC8FAD400812440 = {
						CreatedOnToolsVersion = 15.0;
						TestTargetID = A1ECE4F12CC8FAD200812440;
					};
					A1ECE5112CC8FAD400812440 = {
						CreatedOnToolsVersion = 15.0;
						TestTargetID = A1ECE4F12CC8FAD200812440;
					};
				};
			};
			buildConfigurationList = A1ECE4ED2CC8FAD200812440 /* Build configuration list for PBXProject "RNMobilePaymentSDK" */;
			compatibilityVersion = "Xcode 14.0";
			developmentRegion = en;
			hasScannedForEncodings = 0;
			knownRegions = (
				en,
				Base,
			);
			mainGroup = A1ECE4E92CC8FAD200812440;
			productRefGroup = A1ECE4F32CC8FAD200812440 /* Products */;
			projectDirPath = "";
			projectRoot = "";
			targets = (
				A1ECE4F12CC8FAD200812440 /* RNMobilePaymentSDK */,
				A1ECE5072CC8FAD400812440 /* RNMobilePaymentSDKTests */,
				A1ECE5112CC8FAD400812440 /* RNMobilePaymentSDKUITests */,
			);
		};
/* End PBXProject section */

/* Begin PBXResourcesBuildPhase section */
		A1ECE4F02CC8FAD200812440 /* Resources */ = {
			isa = PBXResourcesBuildPhase;
			buildActionMask = 2147483647;
			files = (
				A1ECE5022CC8FAD300812440 /* LaunchScreen.storyboard in Resources */,
				A1ECE4FF2CC8FAD300812440 /* Assets.xcassets in Resources */,
				A1ECE4FD2CC8FAD200812440 /* Main.storyboard in Resources */,
			);
			runOnlyForDeploymentPostprocessing = 0;
		};
		A1ECE5062CC8FAD400812440 /* Resources */ = {
			isa = PBXResourcesBuildPhase;
			buildActionMask = 2147483647;
			files = (
			);
			runOnlyForDeploymentPostprocessing = 0;
		};
		A1ECE5102CC8FAD400812440 /* Resources */ = {
			isa = PBXResourcesBuildPhase;
			buildActionMask = 2147483647;
			files = (
			);
			runOnlyForDeploymentPostprocessing = 0;
		};
/* End PBXResourcesBuildPhase section */

/* Begin PBXShellScriptBuildPhase section */
		20A5F3B073B398877831AF27 /* [CP] Check Pods Manifest.lock */ = {
			isa = PBXShellScriptBuildPhase;
			buildActionMask = 2147483647;
			files = (
			);
			inputFileListPaths = (
			);
			inputPaths = (
				"${PODS_PODFILE_DIR_PATH}/Podfile.lock",
				"${PODS_ROOT}/Manifest.lock",
			);
			name = "[CP] Check Pods Manifest.lock";
			outputFileListPaths = (
			);
			outputPaths = (
				"$(DERIVED_FILE_DIR)/Pods-RNMobilePaymentSDKTests-checkManifestLockResult.txt",
			);
			runOnlyForDeploymentPostprocessing = 0;
			shellPath = /bin/sh;
			shellScript = "diff \"${PODS_PODFILE_DIR_PATH}/Podfile.lock\" \"${PODS_ROOT}/Manifest.lock\" > /dev/null\nif [ $? != 0 ] ; then\n    # print error to STDERR\n    echo \"error: The sandbox is not in sync with the Podfile.lock. Run 'pod install' or update your CocoaPods installation.\" >&2\n    exit 1\nfi\n# This output is used by Xcode 'outputs' to avoid re-running this script phase.\necho \"SUCCESS\" > \"${SCRIPT_OUTPUT_FILE_0}\"\n";
			showEnvVarsInLog = 0;
		};
		42AE7A8D9DCF1F9207E0EBFA /* [CP] Check Pods Manifest.lock */ = {
			isa = PBXShellScriptBuildPhase;
			buildActionMask = 2147483647;
			files = (
			);
			inputFileListPaths = (
			);
			inputPaths = (
				"${PODS_PODFILE_DIR_PATH}/Podfile.lock",
				"${PODS_ROOT}/Manifest.lock",
			);
			name = "[CP] Check Pods Manifest.lock";
			outputFileListPaths = (
			);
			outputPaths = (
				"$(DERIVED_FILE_DIR)/Pods-RNMobilePaymentSDK-checkManifestLockResult.txt",
			);
			runOnlyForDeploymentPostprocessing = 0;
			shellPath = /bin/sh;
			shellScript = "diff \"${PODS_PODFILE_DIR_PATH}/Podfile.lock\" \"${PODS_ROOT}/Manifest.lock\" > /dev/null\nif [ $? != 0 ] ; then\n    # print error to STDERR\n    echo \"error: The sandbox is not in sync with the Podfile.lock. Run 'pod install' or update your CocoaPods installation.\" >&2\n    exit 1\nfi\n# This output is used by Xcode 'outputs' to avoid re-running this script phase.\necho \"SUCCESS\" > \"${SCRIPT_OUTPUT_FILE_0}\"\n";
			showEnvVarsInLog = 0;
		};
		AA7B653FF09C4F978A55892C /* [CP] Embed Pods Frameworks */ = {
			isa = PBXShellScriptBuildPhase;
			buildActionMask = 2147483647;
			files = (
			);
			inputFileListPaths = (
				"${PODS_ROOT}/Target Support Files/Pods-RNMobilePaymentSDK/Pods-RNMobilePaymentSDK-frameworks-${CONFIGURATION}-input-files.xcfilelist",
			);
			name = "[CP] Embed Pods Frameworks";
			outputFileListPaths = (
				"${PODS_ROOT}/Target Support Files/Pods-RNMobilePaymentSDK/Pods-RNMobilePaymentSDK-frameworks-${CONFIGURATION}-output-files.xcfilelist",
			);
			runOnlyForDeploymentPostprocessing = 0;
			shellPath = /bin/sh;
			shellScript = "\"${PODS_ROOT}/Target Support Files/Pods-RNMobilePaymentSDK/Pods-RNMobilePaymentSDK-frameworks.sh\"\n";
			showEnvVarsInLog = 0;
		};
		C11B78565CA54AC069FC7988 /* [CP] Check Pods Manifest.lock */ = {
			isa = PBXShellScriptBuildPhase;
			buildActionMask = 2147483647;
			files = (
			);
			inputFileListPaths = (
			);
			inputPaths = (
				"${PODS_PODFILE_DIR_PATH}/Podfile.lock",
				"${PODS_ROOT}/Manifest.lock",
			);
			name = "[CP] Check Pods Manifest.lock";
			outputFileListPaths = (
			);
			outputPaths = (
				"$(DERIVED_FILE_DIR)/Pods-RNMobilePaymentSDK-RNMobilePaymentSDKUITests-checkManifestLockResult.txt",
			);
			runOnlyForDeploymentPostprocessing = 0;
			shellPath = /bin/sh;
			shellScript = "diff \"${PODS_PODFILE_DIR_PATH}/Podfile.lock\" \"${PODS_ROOT}/Manifest.lock\" > /dev/null\nif [ $? != 0 ] ; then\n    # print error to STDERR\n    echo \"error: The sandbox is not in sync with the Podfile.lock. Run 'pod install' or update your CocoaPods installation.\" >&2\n    exit 1\nfi\n# This output is used by Xcode 'outputs' to avoid re-running this script phase.\necho \"SUCCESS\" > \"${SCRIPT_OUTPUT_FILE_0}\"\n";
			showEnvVarsInLog = 0;
		};
		EA71204996CD2488F0EAA6E7 /* [CP] Embed Pods Frameworks */ = {
			isa = PBXShellScriptBuildPhase;
			buildActionMask = 2147483647;
			files = (
			);
			inputFileListPaths = (
				"${PODS_ROOT}/Target Support Files/Pods-RNMobilePaymentSDK-RNMobilePaymentSDKUITests/Pods-RNMobilePaymentSDK-RNMobilePaymentSDKUITests-frameworks-${CONFIGURATION}-input-files.xcfilelist",
			);
			name = "[CP] Embed Pods Frameworks";
			outputFileListPaths = (
				"${PODS_ROOT}/Target Support Files/Pods-RNMobilePaymentSDK-RNMobilePaymentSDKUITests/Pods-RNMobilePaymentSDK-RNMobilePaymentSDKUITests-frameworks-${CONFIGURATION}-output-files.xcfilelist",
			);
			runOnlyForDeploymentPostprocessing = 0;
			shellPath = /bin/sh;
			shellScript = "\"${PODS_ROOT}/Target Support Files/Pods-RNMobilePaymentSDK-RNMobilePaymentSDKUITests/Pods-RNMobilePaymentSDK-RNMobilePaymentSDKUITests-frameworks.sh\"\n";
			showEnvVarsInLog = 0;
		};
/* End PBXShellScriptBuildPhase section */

/* Begin PBXSourcesBuildPhase section */
		A1ECE4EE2CC8FAD200812440 /* Sources */ = {
			isa = PBXSourcesBuildPhase;
			buildActionMask = 2147483647;
			files = (
				A1ECE4FA2CC8FAD200812440 /* ViewController.swift in Sources */,
				A1ECE4F62CC8FAD200812440 /* AppDelegate.swift in Sources */,
				A1ECE4F82CC8FAD200812440 /* SceneDelegate.swift in Sources */,
			);
			runOnlyForDeploymentPostprocessing = 0;
		};
		A1ECE5042CC8FAD400812440 /* Sources */ = {
			isa = PBXSourcesBuildPhase;
			buildActionMask = 2147483647;
			files = (
				A1ECE50D2CC8FAD400812440 /* RNMobilePaymentSDKTests.swift in Sources */,
			);
			runOnlyForDeploymentPostprocessing = 0;
		};
		A1ECE50E2CC8FAD400812440 /* Sources */ = {
			isa = PBXSourcesBuildPhase;
			buildActionMask = 2147483647;
			files = (
				A1ECE5192CC8FAD400812440 /* RNMobilePaymentSDKUITestsLaunchTests.swift in Sources */,
				A1ECE5172CC8FAD400812440 /* RNMobilePaymentSDKUITests.swift in Sources */,
			);
			runOnlyForDeploymentPostprocessing = 0;
		};
/* End PBXSourcesBuildPhase section */

/* Begin PBXTargetDependency section */
		A1ECE50A2CC8FAD400812440 /* PBXTargetDependency */ = {
			isa = PBXTargetDependency;
			target = A1ECE4F12CC8FAD200812440 /* RNMobilePaymentSDK */;
			targetProxy = A1ECE5092CC8FAD400812440 /* PBXContainerItemProxy */;
		};
		A1ECE5142CC8FAD400812440 /* PBXTargetDependency */ = {
			isa = PBXTargetDependency;
			target = A1ECE4F12CC8FAD200812440 /* RNMobilePaymentSDK */;
			targetProxy = A1ECE5132CC8FAD400812440 /* PBXContainerItemProxy */;
		};
/* End PBXTargetDependency section */

/* Begin PBXVariantGroup section */
		A1ECE4FB2CC8FAD200812440 /* Main.storyboard */ = {
			isa = PBXVariantGroup;
			children = (
				A1ECE4FC2CC8FAD200812440 /* Base */,
			);
			name = Main.storyboard;
			sourceTree = "<group>";
		};
		A1ECE5002CC8FAD300812440 /* LaunchScreen.storyboard */ = {
			isa = PBXVariantGroup;
			children = (
				A1ECE5012CC8FAD300812440 /* Base */,
			);
			name = LaunchScreen.storyboard;
			sourceTree = "<group>";
		};
/* End PBXVariantGroup section */

/* Begin XCBuildConfiguration section */
		A1ECE51A2CC8FAD400812440 /* Debug */ = {
			isa = XCBuildConfiguration;
			buildSettings = {
				ALWAYS_SEARCH_USER_PATHS = NO;
				ASSETCATALOG_COMPILER_GENERATE_SWIFT_ASSET_SYMBOL_EXTENSIONS = YES;
				CLANG_ANALYZER_NONNULL = YES;
				CLANG_ANALYZER_NUMBER_OBJECT_CONVERSION = YES_AGGRESSIVE;
				CLANG_CXX_LANGUAGE_STANDARD = "gnu++20";
				CLANG_ENABLE_MODULES = YES;
				CLANG_ENABLE_OBJC_ARC = YES;
				CLANG_ENABLE_OBJC_WEAK = YES;
				CLANG_WARN_BLOCK_CAPTURE_AUTORELEASING = YES;
				CLANG_WARN_BOOL_CONVERSION = YES;
				CLANG_WARN_COMMA = YES;
				CLANG_WARN_CONSTANT_CONVERSION = YES;
				CLANG_WARN_DEPRECATED_OBJC_IMPLEMENTATIONS = YES;
				CLANG_WARN_DIRECT_OBJC_ISA_USAGE = YES_ERROR;
				CLANG_WARN_DOCUMENTATION_COMMENTS = YES;
				CLANG_WARN_EMPTY_BODY = YES;
				CLANG_WARN_ENUM_CONVERSION = YES;
				CLANG_WARN_INFINITE_RECURSION = YES;
				CLANG_WARN_INT_CONVERSION = YES;
				CLANG_WARN_NON_LITERAL_NULL_CONVERSION = YES;
				CLANG_WARN_OBJC_IMPLICIT_RETAIN_SELF = YES;
				CLANG_WARN_OBJC_LITERAL_CONVERSION = YES;
				CLANG_WARN_OBJC_ROOT_CLASS = YES_ERROR;
				CLANG_WARN_QUOTED_INCLUDE_IN_FRAMEWORK_HEADER = YES;
				CLANG_WARN_RANGE_LOOP_ANALYSIS = YES;
				CLANG_WARN_STRICT_PROTOTYPES = YES;
				CLANG_WARN_SUSPICIOUS_MOVE = YES;
				CLANG_WARN_UNGUARDED_AVAILABILITY = YES_AGGRESSIVE;
				CLANG_WARN_UNREACHABLE_CODE = YES;
				CLANG_WARN__DUPLICATE_METHOD_MATCH = YES;
				COPY_PHASE_STRIP = NO;
				DEBUG_INFORMATION_FORMAT = dwarf;
				ENABLE_STRICT_OBJC_MSGSEND = YES;
				ENABLE_TESTABILITY = YES;
				ENABLE_USER_SCRIPT_SANDBOXING = YES;
				GCC_C_LANGUAGE_STANDARD = gnu17;
				GCC_DYNAMIC_NO_PIC = NO;
				GCC_NO_COMMON_BLOCKS = YES;
				GCC_OPTIMIZATION_LEVEL = 0;
				GCC_PREPROCESSOR_DEFINITIONS = (
					"DEBUG=1",
					"$(inherited)",
				);
				GCC_WARN_64_TO_32_BIT_CONVERSION = YES;
				GCC_WARN_ABOUT_RETURN_TYPE = YES_ERROR;
				GCC_WARN_UNDECLARED_SELECTOR = YES;
				GCC_WARN_UNINITIALIZED_AUTOS = YES_AGGRESSIVE;
				GCC_WARN_UNUSED_FUNCTION = YES;
				GCC_WARN_UNUSED_VARIABLE = YES;
				IPHONEOS_DEPLOYMENT_TARGET = 17.0;
				LOCALIZATION_PREFERS_STRING_CATALOGS = YES;
				MTL_ENABLE_DEBUG_INFO = INCLUDE_SOURCE;
				MTL_FAST_MATH = YES;
				ONLY_ACTIVE_ARCH = YES;
				SDKROOT = iphoneos;
				SWIFT_ACTIVE_COMPILATION_CONDITIONS = "DEBUG $(inherited)";
				SWIFT_OPTIMIZATION_LEVEL = "-Onone";
			};
			name = Debug;
		};
		A1ECE51B2CC8FAD400812440 /* Release */ = {
			isa = XCBuildConfiguration;
			buildSettings = {
				ALWAYS_SEARCH_USER_PATHS = NO;
				ASSETCATALOG_COMPILER_GENERATE_SWIFT_ASSET_SYMBOL_EXTENSIONS = YES;
				CLANG_ANALYZER_NONNULL = YES;
				CLANG_ANALYZER_NUMBER_OBJECT_CONVERSION = YES_AGGRESSIVE;
				CLANG_CXX_LANGUAGE_STANDARD = "gnu++20";
				CLANG_ENABLE_MODULES = YES;
				CLANG_ENABLE_OBJC_ARC = YES;
				CLANG_ENABLE_OBJC_WEAK = YES;
				CLANG_WARN_BLOCK_CAPTURE_AUTORELEASING = YES;
				CLANG_WARN_BOOL_CONVERSION = YES;
				CLANG_WARN_COMMA = YES;
				CLANG_WARN_CONSTANT_CONVERSION = YES;
				CLANG_WARN_DEPRECATED_OBJC_IMPLEMENTATIONS = YES;
				CLANG_WARN_DIRECT_OBJC_ISA_USAGE = YES_ERROR;
				CLANG_WARN_DOCUMENTATION_COMMENTS = YES;
				CLANG_WARN_EMPTY_BODY = YES;
				CLANG_WARN_ENUM_CONVERSION = YES;
				CLANG_WARN_INFINITE_RECURSION = YES;
				CLANG_WARN_INT_CONVERSION = YES;
				CLANG_WARN_NON_LITERAL_NULL_CONVERSION = YES;
				CLANG_WARN_OBJC_IMPLICIT_RETAIN_SELF = YES;
				CLANG_WARN_OBJC_LITERAL_CONVERSION = YES;
				CLANG_WARN_OBJC_ROOT_CLASS = YES_ERROR;
				CLANG_WARN_QUOTED_INCLUDE_IN_FRAMEWORK_HEADER = YES;
				CLANG_WARN_RANGE_LOOP_ANALYSIS = YES;
				CLANG_WARN_STRICT_PROTOTYPES = YES;
				CLANG_WARN_SUSPICIOUS_MOVE = YES;
				CLANG_WARN_UNGUARDED_AVAILABILITY = YES_AGGRESSIVE;
				CLANG_WARN_UNREACHABLE_CODE = YES;
				CLANG_WARN__DUPLICATE_METHOD_MATCH = YES;
				COPY_PHASE_STRIP = NO;
				DEBUG_INFORMATION_FORMAT = "dwarf-with-dsym";
				ENABLE_NS_ASSERTIONS = NO;
				ENABLE_STRICT_OBJC_MSGSEND = YES;
				ENABLE_USER_SCRIPT_SANDBOXING = YES;
				GCC_C_LANGUAGE_STANDARD = gnu17;
				GCC_NO_COMMON_BLOCKS = YES;
				GCC_WARN_64_TO_32_BIT_CONVERSION = YES;
				GCC_WARN_ABOUT_RETURN_TYPE = YES_ERROR;
				GCC_WARN_UNDECLARED_SELECTOR = YES;
				GCC_WARN_UNINITIALIZED_AUTOS = YES_AGGRESSIVE;
				GCC_WARN_UNUSED_FUNCTION = YES;
				GCC_WARN_UNUSED_VARIABLE = YES;
				IPHONEOS_DEPLOYMENT_TARGET = 17.0;
				LOCALIZATION_PREFERS_STRING_CATALOGS = YES;
				MTL_ENABLE_DEBUG_INFO = NO;
				MTL_FAST_MATH = YES;
				SDKROOT = iphoneos;
				SWIFT_COMPILATION_MODE = wholemodule;
				VALIDATE_PRODUCT = YES;
			};
			name = Release;
		};
		A1ECE51D2CC8FAD400812440 /* Debug */ = {
			isa = XCBuildConfiguration;
			baseConfigurationReference = 9B65256D44E7BDF2988131DA /* Pods-RNMobilePaymentSDK.debug.xcconfig */;
			buildSettings = {
				ASSETCATALOG_COMPILER_APPICON_NAME = AppIcon;
				ASSETCATALOG_COMPILER_GLOBAL_ACCENT_COLOR_NAME = AccentColor;
				CODE_SIGN_STYLE = Automatic;
				CURRENT_PROJECT_VERSION = 1;
				GENERATE_INFOPLIST_FILE = YES;
				INFOPLIST_FILE = RNMobilePaymentSDK/Info.plist;
				INFOPLIST_KEY_UIApplicationSupportsIndirectInputEvents = YES;
				INFOPLIST_KEY_UILaunchStoryboardName = LaunchScreen;
				INFOPLIST_KEY_UIMainStoryboardFile = Main;
				INFOPLIST_KEY_UISupportedInterfaceOrientations_iPad = "UIInterfaceOrientationPortrait UIInterfaceOrientationPortraitUpsideDown UIInterfaceOrientationLandscapeLeft UIInterfaceOrientationLandscapeRight";
				INFOPLIST_KEY_UISupportedInterfaceOrientations_iPhone = "UIInterfaceOrientationPortrait UIInterfaceOrientationLandscapeLeft UIInterfaceOrientationLandscapeRight";
				LD_RUNPATH_SEARCH_PATHS = (
					"$(inherited)",
					"@executable_path/Frameworks",
				);
				MARKETING_VERSION = 1.0;
				PRODUCT_BUNDLE_IDENTIFIER = com.RNMobilePaymentSDK;
				PRODUCT_NAME = "$(TARGET_NAME)";
				SWIFT_EMIT_LOC_STRINGS = YES;
				SWIFT_VERSION = 5.0;
				TARGETED_DEVICE_FAMILY = "1,2";
			};
			name = Debug;
		};
		A1ECE51E2CC8FAD400812440 /* Release */ = {
			isa = XCBuildConfiguration;
			baseConfigurationReference = E9C0954DB441EDD161B222D4 /* Pods-RNMobilePaymentSDK.release.xcconfig */;
			buildSettings = {
				ASSETCATALOG_COMPILER_APPICON_NAME = AppIcon;
				ASSETCATALOG_COMPILER_GLOBAL_ACCENT_COLOR_NAME = AccentColor;
				CODE_SIGN_STYLE = Automatic;
				CURRENT_PROJECT_VERSION = 1;
				GENERATE_INFOPLIST_FILE = YES;
				INFOPLIST_FILE = RNMobilePaymentSDK/Info.plist;
				INFOPLIST_KEY_UIApplicationSupportsIndirectInputEvents = YES;
				INFOPLIST_KEY_UILaunchStoryboardName = LaunchScreen;
				INFOPLIST_KEY_UIMainStoryboardFile = Main;
				INFOPLIST_KEY_UISupportedInterfaceOrientations_iPad = "UIInterfaceOrientationPortrait UIInterfaceOrientationPortraitUpsideDown UIInterfaceOrientationLandscapeLeft UIInterfaceOrientationLandscapeRight";
				INFOPLIST_KEY_UISupportedInterfaceOrientations_iPhone = "UIInterfaceOrientationPortrait UIInterfaceOrientationLandscapeLeft UIInterfaceOrientationLandscapeRight";
				LD_RUNPATH_SEARCH_PATHS = (
					"$(inherited)",
					"@executable_path/Frameworks",
				);
				MARKETING_VERSION = 1.0;
				PRODUCT_BUNDLE_IDENTIFIER = com.RNMobilePaymentSDK;
				PRODUCT_NAME = "$(TARGET_NAME)";
				SWIFT_EMIT_LOC_STRINGS = YES;
				SWIFT_VERSION = 5.0;
				TARGETED_DEVICE_FAMILY = "1,2";
			};
			name = Release;
		};
		A1ECE5202CC8FAD400812440 /* Debug */ = {
			isa = XCBuildConfiguration;
			baseConfigurationReference = 380CAC6B75802423F35B8764 /* Pods-RNMobilePaymentSDKTests.debug.xcconfig */;
			buildSettings = {
				ALWAYS_EMBED_SWIFT_STANDARD_LIBRARIES = YES;
				BUNDLE_LOADER = "$(TEST_HOST)";
				CODE_SIGN_STYLE = Automatic;
				CURRENT_PROJECT_VERSION = 1;
				GENERATE_INFOPLIST_FILE = YES;
				IPHONEOS_DEPLOYMENT_TARGET = 17.0;
				MARKETING_VERSION = 1.0;
				PRODUCT_BUNDLE_IDENTIFIER = com.RNMobilePaymentSDKTests;
				PRODUCT_NAME = "$(TARGET_NAME)";
				SWIFT_EMIT_LOC_STRINGS = NO;
				SWIFT_VERSION = 5.0;
				TARGETED_DEVICE_FAMILY = "1,2";
				TEST_HOST = "$(BUILT_PRODUCTS_DIR)/RNMobilePaymentSDK.app/$(BUNDLE_EXECUTABLE_FOLDER_PATH)/RNMobilePaymentSDK";
			};
			name = Debug;
		};
		A1ECE5212CC8FAD400812440 /* Release */ = {
			isa = XCBuildConfiguration;
			baseConfigurationReference = 14B71F89948C7B61CE058868 /* Pods-RNMobilePaymentSDKTests.release.xcconfig */;
			buildSettings = {
				ALWAYS_EMBED_SWIFT_STANDARD_LIBRARIES = YES;
				BUNDLE_LOADER = "$(TEST_HOST)";
				CODE_SIGN_STYLE = Automatic;
				CURRENT_PROJECT_VERSION = 1;
				GENERATE_INFOPLIST_FILE = YES;
				IPHONEOS_DEPLOYMENT_TARGET = 17.0;
				MARKETING_VERSION = 1.0;
				PRODUCT_BUNDLE_IDENTIFIER = com.RNMobilePaymentSDKTests;
				PRODUCT_NAME = "$(TARGET_NAME)";
				SWIFT_EMIT_LOC_STRINGS = NO;
				SWIFT_VERSION = 5.0;
				TARGETED_DEVICE_FAMILY = "1,2";
				TEST_HOST = "$(BUILT_PRODUCTS_DIR)/RNMobilePaymentSDK.app/$(BUNDLE_EXECUTABLE_FOLDER_PATH)/RNMobilePaymentSDK";
			};
			name = Release;
		};
		A1ECE5232CC8FAD400812440 /* Debug */ = {
			isa = XCBuildConfiguration;
			baseConfigurationReference = 0820A3C9623A1D260F31EEF5 /* Pods-RNMobilePaymentSDK-RNMobilePaymentSDKUITests.debug.xcconfig */;
			buildSettings = {
				ALWAYS_EMBED_SWIFT_STANDARD_LIBRARIES = YES;
				CODE_SIGN_STYLE = Automatic;
				CURRENT_PROJECT_VERSION = 1;
				GENERATE_INFOPLIST_FILE = YES;
				MARKETING_VERSION = 1.0;
				PRODUCT_BUNDLE_IDENTIFIER = com.RNMobilePaymentSDKUITests;
				PRODUCT_NAME = "$(TARGET_NAME)";
				SWIFT_EMIT_LOC_STRINGS = NO;
				SWIFT_VERSION = 5.0;
				TARGETED_DEVICE_FAMILY = "1,2";
				TEST_TARGET_NAME = RNMobilePaymentSDK;
			};
			name = Debug;
		};
		A1ECE5242CC8FAD400812440 /* Release */ = {
			isa = XCBuildConfiguration;
			baseConfigurationReference = C7C60E927F194D376D58271D /* Pods-RNMobilePaymentSDK-RNMobilePaymentSDKUITests.release.xcconfig */;
			buildSettings = {
				ALWAYS_EMBED_SWIFT_STANDARD_LIBRARIES = YES;
				CODE_SIGN_STYLE = Automatic;
				CURRENT_PROJECT_VERSION = 1;
				GENERATE_INFOPLIST_FILE = YES;
				MARKETING_VERSION = 1.0;
				PRODUCT_BUNDLE_IDENTIFIER = com.RNMobilePaymentSDKUITests;
				PRODUCT_NAME = "$(TARGET_NAME)";
				SWIFT_EMIT_LOC_STRINGS = NO;
				SWIFT_VERSION = 5.0;
				TARGETED_DEVICE_FAMILY = "1,2";
				TEST_TARGET_NAME = RNMobilePaymentSDK;
			};
			name = Release;
		};
/* End XCBuildConfiguration section */

/* Begin XCConfigurationList section */
		A1ECE4ED2CC8FAD200812440 /* Build configuration list for PBXProject "RNMobilePaymentSDK" */ = {
			isa = XCConfigurationList;
			buildConfigurations = (
				A1ECE51A2CC8FAD400812440 /* Debug */,
				A1ECE51B2CC8FAD400812440 /* Release */,
			);
			defaultConfigurationIsVisible = 0;
			defaultConfigurationName = Release;
		};
		A1ECE51C2CC8FAD400812440 /* Build configuration list for PBXNativeTarget "RNMobilePaymentSDK" */ = {
			isa = XCConfigurationList;
			buildConfigurations = (
				A1ECE51D2CC8FAD400812440 /* Debug */,
				A1ECE51E2CC8FAD400812440 /* Release */,
			);
			defaultConfigurationIsVisible = 0;
			defaultConfigurationName = Release;
		};
		A1ECE51F2CC8FAD400812440 /* Build configuration list for PBXNativeTarget "RNMobilePaymentSDKTests" */ = {
			isa = XCConfigurationList;
			buildConfigurations = (
				A1ECE5202CC8FAD400812440 /* Debug */,
				A1ECE5212CC8FAD400812440 /* Release */,
			);
			defaultConfigurationIsVisible = 0;
			defaultConfigurationName = Release;
		};
		A1ECE5222CC8FAD400812440 /* Build configuration list for PBXNativeTarget "RNMobilePaymentSDKUITests" */ = {
			isa = XCConfigurationList;
			buildConfigurations = (
				A1ECE5232CC8FAD400812440 /* Debug */,
				A1ECE5242CC8FAD400812440 /* Release */,
			);
			defaultConfigurationIsVisible = 0;
			defaultConfigurationName = Release;
		};
/* End XCConfigurationList section */
	};
	rootObject = A1ECE4EA2CC8FAD200812440 /* Project object */;
}
