PODS:
  - SquareMobilePaymentsSDK (2.3.0)

DEPENDENCIES:
  - SquareMobilePaymentsSDK (~> 2.3.0)

SPEC REPOS:
  trunk:
    - SquareMobilePaymentsSDK

SPEC CHECKSUMS:
  SquareMobilePaymentsSDK: c03d0e848b113e1b0f8232906edfeef0431b12a5

PODFILE CHECKSUM: 7fcda1369bcf901a993048ddfbd46299640d69fd

COCOAPODS: 1.16.2
