PODS:
  - SquareMobilePaymentsSDK (2.4.0)

DEPENDENCIES:
  - SquareMobilePaymentsSDK (~> 2.4.0)

SPEC REPOS:
  trunk:
    - SquareMobilePaymentsSDK

SPEC CHECKSUMS:
  SquareMobilePaymentsSDK: 53cd315a537037377cd364edc874bf75782239eb

PODFILE CHECKSUM: 90edd7b3e424a600173ffd8b1fcb677878cc582e

COCOAPODS: 1.16.2
