PODS:
  - SquareMobilePaymentsSDK (2.1.0)

DEPENDENCIES:
  - SquareMobilePaymentsSDK (~> 2.1.0)

SPEC REPOS:
  trunk:
    - SquareMobilePaymentsSDK

SPEC CHECKSUMS:
  SquareMobilePaymentsSDK: b437afc89530142af80ed818f4db02e07c47457c

PODFILE CHECKSUM: 36ec71d8ea5709b9c8c2277616eae29f2769b341

COCOAPODS: 1.16.2
